
Microsoft Visual Studio Solution File, Format Version 12.00
# Visual Studio Version 16
VisualStudioVersion = 16.0.31911.196
MinimumVisualStudioVersion = 10.0.40219.1
Project("{2150E333-8FDC-42A3-9474-1A3956D46DE8}") = "0 - Presentation", "0 - Presentation", "{057DAB99-CF1C-41F4-9630-61728F2C5307}"
EndProject
Project("{2150E333-8FDC-42A3-9474-1A3956D46DE8}") = "1 - Service", "1 - Service", "{A5B6C2D6-1FCA-4EB9-A2F9-33469433E1B7}"
EndProject
Project("{2150E333-8FDC-42A3-9474-1A3956D46DE8}") = "2 - Domain", "2 - Domain", "{998E74AD-6288-48E2-BC75-F9A7CBA970D5}"
EndProject
Project("{2150E333-8FDC-42A3-9474-1A3956D46DE8}") = "3 - Infrastructure", "3 - Infrastructure", "{2582CC84-3FF7-4D37-9056-987ED07B35E9}"
EndProject
Project("{2150E333-8FDC-42A3-9474-1A3956D46DE8}") = "3.1 - Data", "3.1 - Data", "{026D5F29-20C2-4D32-9C94-3557D66A34D7}"
EndProject
Project("{2150E333-8FDC-42A3-9474-1A3956D46DE8}") = "3.2 - CrossCutting", "3.2 - CrossCutting", "{BF69F7FE-86CB-4ABA-BF4C-6FD64A8B79DA}"
EndProject
Project("{9A19103F-16F7-4668-BE54-9A1E7A4F7556}") = "TKMaster.ProjetoAulaAdilson.Core.Domain", "src\TKMaster.ProjetoAulaAdilson.Core.Domain\TKMaster.ProjetoAulaAdilson.Core.Domain.csproj", "{6A70DA70-1B22-45D6-97F4-02C589CE4846}"
EndProject
Project("{9A19103F-16F7-4668-BE54-9A1E7A4F7556}") = "TKMaster.ProjetoAulaAdilson.Core.Data", "src\TKMaster.ProjetoAulaAdilson.Core.Data\TKMaster.ProjetoAulaAdilson.Core.Data.csproj", "{1F1F03A7-F67D-4228-BF4E-545F8844B65E}"
EndProject
Project("{9A19103F-16F7-4668-BE54-9A1E7A4F7556}") = "TKMaster.ProjetoAulaAdilson.Core.WebApi", "src\TKMaster.ProjetoAula.Core.WebApi\TKMaster.ProjetoAulaAdilson.Core.WebApi.csproj", "{2CEC9E94-AEE6-48DF-BAEC-B7CA6DBBA92B}"
EndProject
Project("{9A19103F-16F7-4668-BE54-9A1E7A4F7556}") = "TKMaster.ProjetoAulaAdilson.Core.IoC", "src\TKMaster.ProjetoAula.Core.IoC\TKMaster.ProjetoAulaAdilson.Core.IoC.csproj", "{A5DA4E9D-EAB0-4BFA-B272-3FD1563859C4}"
EndProject
Project("{9A19103F-16F7-4668-BE54-9A1E7A4F7556}") = "TKMaster.ProjetoAulaAdilson.Core.Service", "src\TKMaster.ProjetoAula.Core.Service\TKMaster.ProjetoAulaAdilson.Core.Service.csproj", "{12C24B5B-383F-4A65-B7A8-8E569801CB0C}"
EndProject
Project("{2150E333-8FDC-42A3-9474-1A3956D46DE8}") = "1.1 - Common", "1.1 - Common", "{2B5290D1-B616-402A-A706-F05164BB9E46}"
EndProject
Project("{FAE04EC0-301F-11D3-BF4B-00C04F79EFBC}") = "TKMaster.ProjetoAulaAdilson.Core.Utilities", "src\TKMaster.ProjetoAulaAdilson.Core.Utilities\TKMaster.ProjetoAulaAdilson.Core.Utilities.csproj", "{264F1611-B9E1-4F66-933A-E30ECC1EEAC4}"
EndProject
Global
	GlobalSection(SolutionConfigurationPlatforms) = preSolution
		Debug|Any CPU = Debug|Any CPU
		Release|Any CPU = Release|Any CPU
	EndGlobalSection
	GlobalSection(ProjectConfigurationPlatforms) = postSolution
		{6A70DA70-1B22-45D6-97F4-02C589CE4846}.Debug|Any CPU.ActiveCfg = Debug|Any CPU
		{6A70DA70-1B22-45D6-97F4-02C589CE4846}.Debug|Any CPU.Build.0 = Debug|Any CPU
		{6A70DA70-1B22-45D6-97F4-02C589CE4846}.Release|Any CPU.ActiveCfg = Release|Any CPU
		{6A70DA70-1B22-45D6-97F4-02C589CE4846}.Release|Any CPU.Build.0 = Release|Any CPU
		{1F1F03A7-F67D-4228-BF4E-545F8844B65E}.Debug|Any CPU.ActiveCfg = Debug|Any CPU
		{1F1F03A7-F67D-4228-BF4E-545F8844B65E}.Debug|Any CPU.Build.0 = Debug|Any CPU
		{1F1F03A7-F67D-4228-BF4E-545F8844B65E}.Release|Any CPU.ActiveCfg = Release|Any CPU
		{1F1F03A7-F67D-4228-BF4E-545F8844B65E}.Release|Any CPU.Build.0 = Release|Any CPU
		{2CEC9E94-AEE6-48DF-BAEC-B7CA6DBBA92B}.Debug|Any CPU.ActiveCfg = Debug|Any CPU
		{2CEC9E94-AEE6-48DF-BAEC-B7CA6DBBA92B}.Debug|Any CPU.Build.0 = Debug|Any CPU
		{2CEC9E94-AEE6-48DF-BAEC-B7CA6DBBA92B}.Release|Any CPU.ActiveCfg = Release|Any CPU
		{2CEC9E94-AEE6-48DF-BAEC-B7CA6DBBA92B}.Release|Any CPU.Build.0 = Release|Any CPU
		{A5DA4E9D-EAB0-4BFA-B272-3FD1563859C4}.Debug|Any CPU.ActiveCfg = Debug|Any CPU
		{A5DA4E9D-EAB0-4BFA-B272-3FD1563859C4}.Debug|Any CPU.Build.0 = Debug|Any CPU
		{A5DA4E9D-EAB0-4BFA-B272-3FD1563859C4}.Release|Any CPU.ActiveCfg = Release|Any CPU
		{A5DA4E9D-EAB0-4BFA-B272-3FD1563859C4}.Release|Any CPU.Build.0 = Release|Any CPU
		{12C24B5B-383F-4A65-B7A8-8E569801CB0C}.Debug|Any CPU.ActiveCfg = Debug|Any CPU
		{12C24B5B-383F-4A65-B7A8-8E569801CB0C}.Debug|Any CPU.Build.0 = Debug|Any CPU
		{12C24B5B-383F-4A65-B7A8-8E569801CB0C}.Release|Any CPU.ActiveCfg = Release|Any CPU
		{12C24B5B-383F-4A65-B7A8-8E569801CB0C}.Release|Any CPU.Build.0 = Release|Any CPU
		{264F1611-B9E1-4F66-933A-E30ECC1EEAC4}.Debug|Any CPU.ActiveCfg = Debug|Any CPU
		{264F1611-B9E1-4F66-933A-E30ECC1EEAC4}.Debug|Any CPU.Build.0 = Debug|Any CPU
		{264F1611-B9E1-4F66-933A-E30ECC1EEAC4}.Release|Any CPU.ActiveCfg = Release|Any CPU
		{264F1611-B9E1-4F66-933A-E30ECC1EEAC4}.Release|Any CPU.Build.0 = Release|Any CPU
	EndGlobalSection
	GlobalSection(SolutionProperties) = preSolution
		HideSolutionNode = FALSE
	EndGlobalSection
	GlobalSection(NestedProjects) = preSolution
		{026D5F29-20C2-4D32-9C94-3557D66A34D7} = {2582CC84-3FF7-4D37-9056-987ED07B35E9}
		{BF69F7FE-86CB-4ABA-BF4C-6FD64A8B79DA} = {2582CC84-3FF7-4D37-9056-987ED07B35E9}
		{6A70DA70-1B22-45D6-97F4-02C589CE4846} = {998E74AD-6288-48E2-BC75-F9A7CBA970D5}
		{1F1F03A7-F67D-4228-BF4E-545F8844B65E} = {026D5F29-20C2-4D32-9C94-3557D66A34D7}
		{2CEC9E94-AEE6-48DF-BAEC-B7CA6DBBA92B} = {057DAB99-CF1C-41F4-9630-61728F2C5307}
		{A5DA4E9D-EAB0-4BFA-B272-3FD1563859C4} = {BF69F7FE-86CB-4ABA-BF4C-6FD64A8B79DA}
		{12C24B5B-383F-4A65-B7A8-8E569801CB0C} = {A5B6C2D6-1FCA-4EB9-A2F9-33469433E1B7}
		{2B5290D1-B616-402A-A706-F05164BB9E46} = {A5B6C2D6-1FCA-4EB9-A2F9-33469433E1B7}
		{264F1611-B9E1-4F66-933A-E30ECC1EEAC4} = {2B5290D1-B616-402A-A706-F05164BB9E46}
	EndGlobalSection
	GlobalSection(ExtensibilityGlobals) = postSolution
		SolutionGuid = {64B1A5CD-723D-4853-9872-AC6320E2AD9F}
	EndGlobalSection
EndGlobal
