
Microsoft Visual Studio Solution File, Format Version 12.00
# Visual Studio Version 16
VisualStudioVersion = 16.0.31911.196
MinimumVisualStudioVersion = 10.0.40219.1
Project("{2150E333-8FDC-42A3-9474-1A3956D46DE8}") = "0 - Presentation", "0 - Presentation", "{057DAB99-CF1C-41F4-9630-61728F2C5307}"
EndProject
Project("{2150E333-8FDC-42A3-9474-1A3956D46DE8}") = "1 - Service", "1 - Service", "{A5B6C2D6-1FCA-4EB9-A2F9-33469433E1B7}"
EndProject
Project("{2150E333-8FDC-42A3-9474-1A3956D46DE8}") = "2 - Domain", "2 - Domain", "{998E74AD-6288-48E2-BC75-F9A7CBA970D5}"
EndProject
Project("{2150E333-8FDC-42A3-9474-1A3956D46DE8}") = "3 - Infrastructure", "3 - Infrastructure", "{2582CC84-3FF7-4D37-9056-987ED07B35E9}"
EndProject
Project("{2150E333-8FDC-42A3-9474-1A3956D46DE8}") = "3.1 - Data", "3.1 - Data", "{026D5F29-20C2-4D32-9C94-3557D66A34D7}"
EndProject
Project("{2150E333-8FDC-42A3-9474-1A3956D46DE8}") = "3.2 - CrossCutting", "3.2 - CrossCutting", "{BF69F7FE-86CB-4ABA-BF4C-6FD64A8B79DA}"
EndProject
Project("{FAE04EC0-301F-11D3-BF4B-00C04F79EFBC}") = "TKMaster.ProjetoAulaAdilson.Core.Domain", "src\TKMaster.ProjetoAulaAdilson.Core.Domain\TKMaster.ProjetoAulaAdilson.Core.Domain.csproj", "{6A70DA70-1B22-45D6-97F4-02C589CE4846}"
EndProject
Project("{FAE04EC0-301F-11D3-BF4B-00C04F79EFBC}") = "TKMaster.ProjetoAulaAdilson.Core.Data", "src\TKMaster.ProjetoAulaAdilson.Core.Data\TKMaster.ProjetoAulaAdilson.Core.Data.csproj", "{1F1F03A7-F67D-4228-BF4E-545F8844B65E}"
EndProject
Global
	GlobalSection(SolutionConfigurationPlatforms) = preSolution
		Debug|Any CPU = Debug|Any CPU
		Release|Any CPU = Release|Any CPU
	EndGlobalSection
	GlobalSection(ProjectConfigurationPlatforms) = postSolution
		{6A70DA70-1B22-45D6-97F4-02C589CE4846}.Debug|Any CPU.ActiveCfg = Debug|Any CPU
		{6A70DA70-1B22-45D6-97F4-02C589CE4846}.Debug|Any CPU.Build.0 = Debug|Any CPU
		{6A70DA70-1B22-45D6-97F4-02C589CE4846}.Release|Any CPU.ActiveCfg = Release|Any CPU
		{6A70DA70-1B22-45D6-97F4-02C589CE4846}.Release|Any CPU.Build.0 = Release|Any CPU
		{1F1F03A7-F67D-4228-BF4E-545F8844B65E}.Debug|Any CPU.ActiveCfg = Debug|Any CPU
		{1F1F03A7-F67D-4228-BF4E-545F8844B65E}.Debug|Any CPU.Build.0 = Debug|Any CPU
		{1F1F03A7-F67D-4228-BF4E-545F8844B65E}.Release|Any CPU.ActiveCfg = Release|Any CPU
		{1F1F03A7-F67D-4228-BF4E-545F8844B65E}.Release|Any CPU.Build.0 = Release|Any CPU
	EndGlobalSection
	GlobalSection(SolutionProperties) = preSolution
		HideSolutionNode = FALSE
	EndGlobalSection
	GlobalSection(NestedProjects) = preSolution
		{026D5F29-20C2-4D32-9C94-3557D66A34D7} = {2582CC84-3FF7-4D37-9056-987ED07B35E9}
		{BF69F7FE-86CB-4ABA-BF4C-6FD64A8B79DA} = {2582CC84-3FF7-4D37-9056-987ED07B35E9}
		{6A70DA70-1B22-45D6-97F4-02C589CE4846} = {998E74AD-6288-48E2-BC75-F9A7CBA970D5}
		{1F1F03A7-F67D-4228-BF4E-545F8844B65E} = {026D5F29-20C2-4D32-9C94-3557D66A34D7}
	EndGlobalSection
	GlobalSection(ExtensibilityGlobals) = postSolution
		SolutionGuid = {64B1A5CD-723D-4853-9872-AC6320E2AD9F}
	EndGlobalSection
EndGlobal
